
Microsoft Visual Studio Solution File, Format Version 12.00
# Visual Studio Version 16
VisualStudioVersion = 16.0.29403.142
MinimumVisualStudioVersion = 10.0.40219.1
Project("{FAE04EC0-301F-11D3-BF4B-00C04F79EFBC}") = "KnockoFFForums", "KnockoFFForums\KnockoFFForums.csproj", "{65D5F27E-A76D-442F-A35B-25F45CA04FEB}"
EndProject
Global
	GlobalSection(SolutionConfigurationPlatforms) = preSolution
		Debug|Any CPU = Debug|Any CPU
		Release|Any CPU = Release|Any CPU
	EndGlobalSection
	GlobalSection(ProjectConfigurationPlatforms) = postSolution
		{65D5F27E-A76D-442F-A35B-25F45CA04FEB}.Debug|Any CPU.ActiveCfg = Debug|Any CPU
		{65D5F27E-A76D-442F-A35B-25F45CA04FEB}.Debug|Any CPU.Build.0 = Debug|Any CPU
		{65D5F27E-A76D-442F-A35B-25F45CA04FEB}.Release|Any CPU.ActiveCfg = Release|Any CPU
		{65D5F27E-A76D-442F-A35B-25F45CA04FEB}.Release|Any CPU.Build.0 = Release|Any CPU
	EndGlobalSection
	GlobalSection(SolutionProperties) = preSolution
		HideSolutionNode = FALSE
	EndGlobalSection
	GlobalSection(ExtensibilityGlobals) = postSolution
		SolutionGuid = {5944F708-FBBF-4FAF-BEDD-62A76DEDEB0F}
	EndGlobalSection
EndGlobal
